// !$*UTF8*$!
{
	archiveVersion = 1;
	classes = {
	};
	objectVersion = 56;
	objects = {

/* Begin PBXBuildFile section */
		5F4D31A12C433AC900A3732D /* APIService.swift in Sources */ = {isa = PBXBuildFile; fileRef = 5F4D31A02C433AC900A3732D /* APIService.swift */; };
		5F4D31A52C44841A00A3732D /* DataModel.swift in Sources */ = {isa = PBXBuildFile; fileRef = 5F4D31A42C44841A00A3732D /* DataModel.swift */; };
		B76054082C35116A00915654 /* ExpenseTrackerAppApp.swift in Sources */ = {isa = PBXBuildFile; fileRef = B76054072C35116A00915654 /* ExpenseTrackerAppApp.swift */; };
		B760540A2C35116A00915654 /* ContentView.swift in Sources */ = {isa = PBXBuildFile; fileRef = B76054092C35116A00915654 /* ContentView.swift */; };
		B760540C2C35116C00915654 /* Assets.xcassets in Resources */ = {isa = PBXBuildFile; fileRef = B760540B2C35116C00915654 /* Assets.xcassets */; };
		B760540F2C35116C00915654 /* Preview Assets.xcassets in Resources */ = {isa = PBXBuildFile; fileRef = B760540E2C35116C00915654 /* Preview Assets.xcassets */; };
		B76054192C35116C00915654 /* ExpenseTrackerAppTests.swift in Sources */ = {isa = PBXBuildFile; fileRef = B76054182C35116C00915654 /* ExpenseTrackerAppTests.swift */; };
		B76054232C35116C00915654 /* ExpenseTrackerAppUITests.swift in Sources */ = {isa = PBXBuildFile; fileRef = B76054222C35116C00915654 /* ExpenseTrackerAppUITests.swift */; };
		B76054252C35116C00915654 /* ExpenseTrackerAppUITestsLaunchTests.swift in Sources */ = {isa = PBXBuildFile; fileRef = B76054242C35116C00915654 /* ExpenseTrackerAppUITestsLaunchTests.swift */; };
		B76054322C3511A700915654 /* Overviewview.swift in Sources */ = {isa = PBXBuildFile; fileRef = B76054312C3511A700915654 /* Overviewview.swift */; };
		B76054342C3511CD00915654 /* ExpenseListView.swift in Sources */ = {isa = PBXBuildFile; fileRef = B76054332C3511CD00915654 /* ExpenseListView.swift */; };
		B76054362C3511EB00915654 /* AddExpenseView.swift in Sources */ = {isa = PBXBuildFile; fileRef = B76054352C3511EB00915654 /* AddExpenseView.swift */; };
		B76054382C3511FD00915654 /* ExpenseData.swift in Sources */ = {isa = PBXBuildFile; fileRef = B76054372C3511FD00915654 /* ExpenseData.swift */; };
/* End PBXBuildFile section */

/* Begin PBXContainerItemProxy section */
		B76054152C35116C00915654 /* PBXContainerItemProxy */ = {
			isa = PBXContainerItemProxy;
			containerPortal = B76053FC2C35116A00915654 /* Project object */;
			proxyType = 1;
			remoteGlobalIDString = B76054032C35116A00915654;
			remoteInfo = ExpenseTrackerApp;
		};
		B760541F2C35116C00915654 /* PBXContainerItemProxy */ = {
			isa = PBXContainerItemProxy;
			containerPortal = B76053FC2C35116A00915654 /* Project object */;
			proxyType = 1;
			remoteGlobalIDString = B76054032C35116A00915654;
			remoteInfo = ExpenseTrackerApp;
		};
/* End PBXContainerItemProxy section */

/* Begin PBXFileReference section */
		5F4D31A02C433AC900A3732D /* APIService.swift */ = {isa = PBXFileReference; lastKnownFileType = sourcecode.swift; path = APIService.swift; sourceTree = "<group>"; };
		5F4D31A42C44841A00A3732D /* DataModel.swift */ = {isa = PBXFileReference; lastKnownFileType = sourcecode.swift; path = DataModel.swift; sourceTree = "<group>"; };
		B76054042C35116A00915654 /* ExpenseTrackerApp.app */ = {isa = PBXFileReference; explicitFileType = wrapper.application; includeInIndex = 0; path = ExpenseTrackerApp.app; sourceTree = BUILT_PRODUCTS_DIR; };
		B76054072C35116A00915654 /* ExpenseTrackerAppApp.swift */ = {isa = PBXFileReference; lastKnownFileType = sourcecode.swift; path = ExpenseTrackerAppApp.swift; sourceTree = "<group>"; };
		B76054092C35116A00915654 /* ContentView.swift */ = {isa = PBXFileReference; lastKnownFileType = sourcecode.swift; path = ContentView.swift; sourceTree = "<group>"; };
		B760540B2C35116C00915654 /* Assets.xcassets */ = {isa = PBXFileReference; lastKnownFileType = folder.assetcatalog; path = Assets.xcassets; sourceTree = "<group>"; };
		B760540E2C35116C00915654 /* Preview Assets.xcassets */ = {isa = PBXFileReference; lastKnownFileType = folder.assetcatalog; path = "Preview Assets.xcassets"; sourceTree = "<group>"; };
		B76054142C35116C00915654 /* ExpenseTrackerAppTests.xctest */ = {isa = PBXFileReference; explicitFileType = wrapper.cfbundle; includeInIndex = 0; path = ExpenseTrackerAppTests.xctest; sourceTree = BUILT_PRODUCTS_DIR; };
		B76054182C35116C00915654 /* ExpenseTrackerAppTests.swift */ = {isa = PBXFileReference; lastKnownFileType = sourcecode.swift; path = ExpenseTrackerAppTests.swift; sourceTree = "<group>"; };
		B760541E2C35116C00915654 /* ExpenseTrackerAppUITests.xctest */ = {isa = PBXFileReference; explicitFileType = wrapper.cfbundle; includeInIndex = 0; path = ExpenseTrackerAppUITests.xctest; sourceTree = BUILT_PRODUCTS_DIR; };
		B76054222C35116C00915654 /* ExpenseTrackerAppUITests.swift */ = {isa = PBXFileReference; lastKnownFileType = sourcecode.swift; path = ExpenseTrackerAppUITests.swift; sourceTree = "<group>"; };
		B76054242C35116C00915654 /* ExpenseTrackerAppUITestsLaunchTests.swift */ = {isa = PBXFileReference; lastKnownFileType = sourcecode.swift; path = ExpenseTrackerAppUITestsLaunchTests.swift; sourceTree = "<group>"; };
		B76054312C3511A700915654 /* Overviewview.swift */ = {isa = PBXFileReference; lastKnownFileType = sourcecode.swift; path = Overviewview.swift; sourceTree = "<group>"; };
		B76054332C3511CD00915654 /* ExpenseListView.swift */ = {isa = PBXFileReference; lastKnownFileType = sourcecode.swift; path = ExpenseListView.swift; sourceTree = "<group>"; };
		B76054352C3511EB00915654 /* AddExpenseView.swift */ = {isa = PBXFileReference; lastKnownFileType = sourcecode.swift; path = AddExpenseView.swift; sourceTree = "<group>"; };
		B76054372C3511FD00915654 /* ExpenseData.swift */ = {isa = PBXFileReference; lastKnownFileType = sourcecode.swift; path = ExpenseData.swift; sourceTree = "<group>"; };
/* End PBXFileReference section */

/* Begin PBXFrameworksBuildPhase section */
		B76054012C35116A00915654 /* Frameworks */ = {
			isa = PBXFrameworksBuildPhase;
			buildActionMask = 2147483647;
			files = (
			);
			runOnlyForDeploymentPostprocessing = 0;
		};
		B76054112C35116C00915654 /* Frameworks */ = {
			isa = PBXFrameworksBuildPhase;
			buildActionMask = 2147483647;
			files = (
			);
			runOnlyForDeploymentPostprocessing = 0;
		};
		B760541B2C35116C00915654 /* Frameworks */ = {
			isa = PBXFrameworksBuildPhase;
			buildActionMask = 2147483647;
			files = (
			);
			runOnlyForDeploymentPostprocessing = 0;
		};
/* End PBXFrameworksBuildPhase section */

/* Begin PBXGroup section */
		B76053FB2C35116A00915654 = {
			isa = PBXGroup;
			children = (
				B76054062C35116A00915654 /* ExpenseTrackerApp */,
				B76054172C35116C00915654 /* ExpenseTrackerAppTests */,
				B76054212C35116C00915654 /* ExpenseTrackerAppUITests */,
				B76054052C35116A00915654 /* Products */,
			);
			sourceTree = "<group>";
		};
		B76054052C35116A00915654 /* Products */ = {
			isa = PBXGroup;
			children = (
				B76054042C35116A00915654 /* ExpenseTrackerApp.app */,
				B76054142C35116C00915654 /* ExpenseTrackerAppTests.xctest */,
				B760541E2C35116C00915654 /* ExpenseTrackerAppUITests.xctest */,
			);
			name = Products;
			sourceTree = "<group>";
		};
		B76054062C35116A00915654 /* ExpenseTrackerApp */ = {
			isa = PBXGroup;
			children = (
				B76054072C35116A00915654 /* ExpenseTrackerAppApp.swift */,
				5F4D31A02C433AC900A3732D /* APIService.swift */,
				B76054312C3511A700915654 /* Overviewview.swift */,
				B76054352C3511EB00915654 /* AddExpenseView.swift */,
				B76054332C3511CD00915654 /* ExpenseListView.swift */,
				B76054372C3511FD00915654 /* ExpenseData.swift */,
				5F4D31A42C44841A00A3732D /* DataModel.swift */,
				B76054092C35116A00915654 /* ContentView.swift */,
				B760540B2C35116C00915654 /* Assets.xcassets */,
				B760540D2C35116C00915654 /* Preview Content */,
			);
			path = ExpenseTrackerApp;
			sourceTree = "<group>";
		};
		B760540D2C35116C00915654 /* Preview Content */ = {
			isa = PBXGroup;
			children = (
				B760540E2C35116C00915654 /* Preview Assets.xcassets */,
			);
			path = "Preview Content";
			sourceTree = "<group>";
		};
		B76054172C35116C00915654 /* ExpenseTrackerAppTests */ = {
			isa = PBXGroup;
			children = (
				B76054182C35116C00915654 /* ExpenseTrackerAppTests.swift */,
			);
			path = ExpenseTrackerAppTests;
			sourceTree = "<group>";
		};
		B76054212C35116C00915654 /* ExpenseTrackerAppUITests */ = {
			isa = PBXGroup;
			children = (
				B76054222C35116C00915654 /* ExpenseTrackerAppUITests.swift */,
				B76054242C35116C00915654 /* ExpenseTrackerAppUITestsLaunchTests.swift */,
			);
			path = ExpenseTrackerAppUITests;
			sourceTree = "<group>";
		};
/* End PBXGroup section */

/* Begin PBXNativeTarget section */
		B76054032C35116A00915654 /* ExpenseTrackerApp */ = {
			isa = PBXNativeTarget;
			buildConfigurationList = B76054282C35116C00915654 /* Build configuration list for PBXNativeTarget "ExpenseTrackerApp" */;
			buildPhases = (
				B76054002C35116A00915654 /* Sources */,
				B76054012C35116A00915654 /* Frameworks */,
				B76054022C35116A00915654 /* Resources */,
			);
			buildRules = (
			);
			dependencies = (
			);
			name = ExpenseTrackerApp;
			productName = ExpenseTrackerApp;
			productReference = B76054042C35116A00915654 /* ExpenseTrackerApp.app */;
			productType = "com.apple.product-type.application";
		};
		B76054132C35116C00915654 /* ExpenseTrackerAppTests */ = {
			isa = PBXNativeTarget;
			buildConfigurationList = B760542B2C35116C00915654 /* Build configuration list for PBXNativeTarget "ExpenseTrackerAppTests" */;
			buildPhases = (
				B76054102C35116C00915654 /* Sources */,
				B76054112C35116C00915654 /* Frameworks */,
				B76054122C35116C00915654 /* Resources */,
			);
			buildRules = (
			);
			dependencies = (
				B76054162C35116C00915654 /* PBXTargetDependency */,
			);
			name = ExpenseTrackerAppTests;
			productName = ExpenseTrackerAppTests;
			productReference = B76054142C35116C00915654 /* ExpenseTrackerAppTests.xctest */;
			productType = "com.apple.product-type.bundle.unit-test";
		};
		B760541D2C35116C00915654 /* ExpenseTrackerAppUITests */ = {
			isa = PBXNativeTarget;
			buildConfigurationList = B760542E2C35116C00915654 /* Build configuration list for PBXNativeTarget "ExpenseTrackerAppUITests" */;
			buildPhases = (
				B760541A2C35116C00915654 /* Sources */,
				B760541B2C35116C00915654 /* Frameworks */,
				B760541C2C35116C00915654 /* Resources */,
			);
			buildRules = (
			);
			dependencies = (
				B76054202C35116C00915654 /* PBXTargetDependency */,
			);
			name = ExpenseTrackerAppUITests;
			productName = ExpenseTrackerAppUITests;
			productReference = B760541E2C35116C00915654 /* ExpenseTrackerAppUITests.xctest */;
			productType = "com.apple.product-type.bundle.ui-testing";
		};
/* End PBXNativeTarget section */

/* Begin PBXProject section */
		B76053FC2C35116A00915654 /* Project object */ = {
			isa = PBXProject;
			attributes = {
				BuildIndependentTargetsInParallel = 1;
				LastSwiftUpdateCheck = 1530;
				LastUpgradeCheck = 1530;
				TargetAttributes = {
					B76054032C35116A00915654 = {
						CreatedOnToolsVersion = 15.3;
					};
					B76054132C35116C00915654 = {
						CreatedOnToolsVersion = 15.3;
						TestTargetID = B76054032C35116A00915654;
					};
					B760541D2C35116C00915654 = {
						CreatedOnToolsVersion = 15.3;
						TestTargetID = B76054032C35116A00915654;
					};
				};
			};
			buildConfigurationList = B76053FF2C35116A00915654 /* Build configuration list for PBXProject "ExpenseTrackerApp" */;
			compatibilityVersion = "Xcode 14.0";
			developmentRegion = en;
			hasScannedForEncodings = 0;
			knownRegions = (
				en,
				Base,
			);
			mainGroup = B76053FB2C35116A00915654;
			productRefGroup = B76054052C35116A00915654 /* Products */;
			projectDirPath = "";
			projectRoot = "";
			targets = (
				B76054032C35116A00915654 /* ExpenseTrackerApp */,
				B76054132C35116C00915654 /* ExpenseTrackerAppTests */,
				B760541D2C35116C00915654 /* ExpenseTrackerAppUITests */,
			);
		};
/* End PBXProject section */

/* Begin PBXResourcesBuildPhase section */
		B76054022C35116A00915654 /* Resources */ = {
			isa = PBXResourcesBuildPhase;
			buildActionMask = 2147483647;
			files = (
				B760540F2C35116C00915654 /* Preview Assets.xcassets in Resources */,
				B760540C2C35116C00915654 /* Assets.xcassets in Resources */,
			);
			runOnlyForDeploymentPostprocessing = 0;
		};
		B76054122C35116C00915654 /* Resources */ = {
			isa = PBXResourcesBuildPhase;
			buildActionMask = 2147483647;
			files = (
			);
			runOnlyForDeploymentPostprocessing = 0;
		};
		B760541C2C35116C00915654 /* Resources */ = {
			isa = PBXResourcesBuildPhase;
			buildActionMask = 2147483647;
			files = (
			);
			runOnlyForDeploymentPostprocessing = 0;
		};
/* End PBXResourcesBuildPhase section */

/* Begin PBXSourcesBuildPhase section */
		B76054002C35116A00915654 /* Sources */ = {
			isa = PBXSourcesBuildPhase;
			buildActionMask = 2147483647;
			files = (
				B76054382C3511FD00915654 /* ExpenseData.swift in Sources */,
				5F4D31A12C433AC900A3732D /* APIService.swift in Sources */,
				B76054322C3511A700915654 /* Overviewview.swift in Sources */,
				B760540A2C35116A00915654 /* ContentView.swift in Sources */,
				B76054362C3511EB00915654 /* AddExpenseView.swift in Sources */,
				B76054082C35116A00915654 /* ExpenseTrackerAppApp.swift in Sources */,
				B76054342C3511CD00915654 /* ExpenseListView.swift in Sources */,
				5F4D31A52C44841A00A3732D /* DataModel.swift in Sources */,
			);
			runOnlyForDeploymentPostprocessing = 0;
		};
		B76054102C35116C00915654 /* Sources */ = {
			isa = PBXSourcesBuildPhase;
			buildActionMask = 2147483647;
			files = (
				B76054192C35116C00915654 /* ExpenseTrackerAppTests.swift in Sources */,
			);
			runOnlyForDeploymentPostprocessing = 0;
		};
		B760541A2C35116C00915654 /* Sources */ = {
			isa = PBXSourcesBuildPhase;
			buildActionMask = 2147483647;
			files = (
				B76054252C35116C00915654 /* ExpenseTrackerAppUITestsLaunchTests.swift in Sources */,
				B76054232C35116C00915654 /* ExpenseTrackerAppUITests.swift in Sources */,
			);
			runOnlyForDeploymentPostprocessing = 0;
		};
/* End PBXSourcesBuildPhase section */

/* Begin PBXTargetDependency section */
		B76054162C35116C00915654 /* PBXTargetDependency */ = {
			isa = PBXTargetDependency;
			target = B76054032C35116A00915654 /* ExpenseTrackerApp */;
			targetProxy = B76054152C35116C00915654 /* PBXContainerItemProxy */;
		};
		B76054202C35116C00915654 /* PBXTargetDependency */ = {
			isa = PBXTargetDependency;
			target = B76054032C35116A00915654 /* ExpenseTrackerApp */;
			targetProxy = B760541F2C35116C00915654 /* PBXContainerItemProxy */;
		};
/* End PBXTargetDependency section */

/* Begin XCBuildConfiguration section */
		B76054262C35116C00915654 /* Debug */ = {
			isa = XCBuildConfiguration;
			buildSettings = {
				ALWAYS_SEARCH_USER_PATHS = NO;
				ASSETCATALOG_COMPILER_GENERATE_SWIFT_ASSET_SYMBOL_EXTENSIONS = YES;
				CLANG_ANALYZER_NONNULL = YES;
				CLANG_ANALYZER_NUMBER_OBJECT_CONVERSION = YES_AGGRESSIVE;
				CLANG_CXX_LANGUAGE_STANDARD = "gnu++20";
				CLANG_ENABLE_MODULES = YES;
				CLANG_ENABLE_OBJC_ARC = YES;
				CLANG_ENABLE_OBJC_WEAK = YES;
				CLANG_WARN_BLOCK_CAPTURE_AUTORELEASING = YES;
				CLANG_WARN_BOOL_CONVERSION = YES;
				CLANG_WARN_COMMA = YES;
				CLANG_WARN_CONSTANT_CONVERSION = YES;
				CLANG_WARN_DEPRECATED_OBJC_IMPLEMENTATIONS = YES;
				CLANG_WARN_DIRECT_OBJC_ISA_USAGE = YES_ERROR;
				CLANG_WARN_DOCUMENTATION_COMMENTS = YES;
				CLANG_WARN_EMPTY_BODY = YES;
				CLANG_WARN_ENUM_CONVERSION = YES;
				CLANG_WARN_INFINITE_RECURSION = YES;
				CLANG_WARN_INT_CONVERSION = YES;
				CLANG_WARN_NON_LITERAL_NULL_CONVERSION = YES;
				CLANG_WARN_OBJC_IMPLICIT_RETAIN_SELF = YES;
				CLANG_WARN_OBJC_LITERAL_CONVERSION = YES;
				CLANG_WARN_OBJC_ROOT_CLASS = YES_ERROR;
				CLANG_WARN_QUOTED_INCLUDE_IN_FRAMEWORK_HEADER = YES;
				CLANG_WARN_RANGE_LOOP_ANALYSIS = YES;
				CLANG_WARN_STRICT_PROTOTYPES = YES;
				CLANG_WARN_SUSPICIOUS_MOVE = YES;
				CLANG_WARN_UNGUARDED_AVAILABILITY = YES_AGGRESSIVE;
				CLANG_WARN_UNREACHABLE_CODE = YES;
				CLANG_WARN__DUPLICATE_METHOD_MATCH = YES;
				COPY_PHASE_STRIP = NO;
				DEBUG_INFORMATION_FORMAT = dwarf;
				ENABLE_STRICT_OBJC_MSGSEND = YES;
				ENABLE_TESTABILITY = YES;
				ENABLE_USER_SCRIPT_SANDBOXING = YES;
				GCC_C_LANGUAGE_STANDARD = gnu17;
				GCC_DYNAMIC_NO_PIC = NO;
				GCC_NO_COMMON_BLOCKS = YES;
				GCC_OPTIMIZATION_LEVEL = 0;
				GCC_PREPROCESSOR_DEFINITIONS = (
					"DEBUG=1",
					"$(inherited)",
				);
				GCC_WARN_64_TO_32_BIT_CONVERSION = YES;
				GCC_WARN_ABOUT_RETURN_TYPE = YES_ERROR;
				GCC_WARN_UNDECLARED_SELECTOR = YES;
				GCC_WARN_UNINITIALIZED_AUTOS = YES_AGGRESSIVE;
				GCC_WARN_UNUSED_FUNCTION = YES;
				GCC_WARN_UNUSED_VARIABLE = YES;
				IPHONEOS_DEPLOYMENT_TARGET = 17.4;
				LOCALIZATION_PREFERS_STRING_CATALOGS = YES;
				MTL_ENABLE_DEBUG_INFO = INCLUDE_SOURCE;
				MTL_FAST_MATH = YES;
				ONLY_ACTIVE_ARCH = YES;
				SDKROOT = iphoneos;
				SWIFT_ACTIVE_COMPILATION_CONDITIONS = "DEBUG $(inherited)";
				SWIFT_OPTIMIZATION_LEVEL = "-Onone";
			};
			name = Debug;
		};
		B76054272C35116C00915654 /* Release */ = {
			isa = XCBuildConfiguration;
			buildSettings = {
				ALWAYS_SEARCH_USER_PATHS = NO;
				ASSETCATALOG_COMPILER_GENERATE_SWIFT_ASSET_SYMBOL_EXTENSIONS = YES;
				CLANG_ANALYZER_NONNULL = YES;
				CLANG_ANALYZER_NUMBER_OBJECT_CONVERSION = YES_AGGRESSIVE;
				CLANG_CXX_LANGUAGE_STANDARD = "gnu++20";
				CLANG_ENABLE_MODULES = YES;
				CLANG_ENABLE_OBJC_ARC = YES;
				CLANG_ENABLE_OBJC_WEAK = YES;
				CLANG_WARN_BLOCK_CAPTURE_AUTORELEASING = YES;
				CLANG_WARN_BOOL_CONVERSION = YES;
				CLANG_WARN_COMMA = YES;
				CLANG_WARN_CONSTANT_CONVERSION = YES;
				CLANG_WARN_DEPRECATED_OBJC_IMPLEMENTATIONS = YES;
				CLANG_WARN_DIRECT_OBJC_ISA_USAGE = YES_ERROR;
				CLANG_WARN_DOCUMENTATION_COMMENTS = YES;
				CLANG_WARN_EMPTY_BODY = YES;
				CLANG_WARN_ENUM_CONVERSION = YES;
				CLANG_WARN_INFINITE_RECURSION = YES;
				CLANG_WARN_INT_CONVERSION = YES;
				CLANG_WARN_NON_LITERAL_NULL_CONVERSION = YES;
				CLANG_WARN_OBJC_IMPLICIT_RETAIN_SELF = YES;
				CLANG_WARN_OBJC_LITERAL_CONVERSION = YES;
				CLANG_WARN_OBJC_ROOT_CLASS = YES_ERROR;
				CLANG_WARN_QUOTED_INCLUDE_IN_FRAMEWORK_HEADER = YES;
				CLANG_WARN_RANGE_LOOP_ANALYSIS = YES;
				CLANG_WARN_STRICT_PROTOTYPES = YES;
				CLANG_WARN_SUSPICIOUS_MOVE = YES;
				CLANG_WARN_UNGUARDED_AVAILABILITY = YES_AGGRESSIVE;
				CLANG_WARN_UNREACHABLE_CODE = YES;
				CLANG_WARN__DUPLICATE_METHOD_MATCH = YES;
				COPY_PHASE_STRIP = NO;
				DEBUG_INFORMATION_FORMAT = "dwarf-with-dsym";
				ENABLE_NS_ASSERTIONS = NO;
				ENABLE_STRICT_OBJC_MSGSEND = YES;
				ENABLE_USER_SCRIPT_SANDBOXING = YES;
				GCC_C_LANGUAGE_STANDARD = gnu17;
				GCC_NO_COMMON_BLOCKS = YES;
				GCC_WARN_64_TO_32_BIT_CONVERSION = YES;
				GCC_WARN_ABOUT_RETURN_TYPE = YES_ERROR;
				GCC_WARN_UNDECLARED_SELECTOR = YES;
				GCC_WARN_UNINITIALIZED_AUTOS = YES_AGGRESSIVE;
				GCC_WARN_UNUSED_FUNCTION = YES;
				GCC_WARN_UNUSED_VARIABLE = YES;
				IPHONEOS_DEPLOYMENT_TARGET = 17.4;
				LOCALIZATION_PREFERS_STRING_CATALOGS = YES;
				MTL_ENABLE_DEBUG_INFO = NO;
				MTL_FAST_MATH = YES;
				SDKROOT = iphoneos;
				SWIFT_COMPILATION_MODE = wholemodule;
				VALIDATE_PRODUCT = YES;
			};
			name = Release;
		};
		B76054292C35116C00915654 /* Debug */ = {
			isa = XCBuildConfiguration;
			buildSettings = {
				ASSETCATALOG_COMPILER_APPICON_NAME = AppIcon;
				ASSETCATALOG_COMPILER_GLOBAL_ACCENT_COLOR_NAME = AccentColor;
				CODE_SIGN_STYLE = Automatic;
				CURRENT_PROJECT_VERSION = 1;
				DEVELOPMENT_ASSET_PATHS = "\"ExpenseTrackerApp/Preview Content\"";
				ENABLE_PREVIEWS = YES;
				GENERATE_INFOPLIST_FILE = YES;
				INFOPLIST_KEY_UIApplicationSceneManifest_Generation = YES;
				INFOPLIST_KEY_UIApplicationSupportsIndirectInputEvents = YES;
				INFOPLIST_KEY_UILaunchScreen_Generation = YES;
				INFOPLIST_KEY_UISupportedInterfaceOrientations_iPad = "UIInterfaceOrientationPortrait UIInterfaceOrientationPortraitUpsideDown UIInterfaceOrientationLandscapeLeft UIInterfaceOrientationLandscapeRight";
				INFOPLIST_KEY_UISupportedInterfaceOrientations_iPhone = "UIInterfaceOrientationPortrait UIInterfaceOrientationLandscapeLeft UIInterfaceOrientationLandscapeRight";
				LD_RUNPATH_SEARCH_PATHS = (
					"$(inherited)",
					"@executable_path/Frameworks",
				);
				MARKETING_VERSION = 1.0;
				PRODUCT_BUNDLE_IDENTIFIER = hoang.ExpenseTrackerApp;
				PRODUCT_NAME = "$(TARGET_NAME)";
				SWIFT_EMIT_LOC_STRINGS = YES;
				SWIFT_VERSION = 5.0;
				TARGETED_DEVICE_FAMILY = "1,2";
			};
			name = Debug;
		};
		B760542A2C35116C00915654 /* Release */ = {
			isa = XCBuildConfiguration;
			buildSettings = {
				ASSETCATALOG_COMPILER_APPICON_NAME = AppIcon;
				ASSETCATALOG_COMPILER_GLOBAL_ACCENT_COLOR_NAME = AccentColor;
				CODE_SIGN_STYLE = Automatic;
				CURRENT_PROJECT_VERSION = 1;
				DEVELOPMENT_ASSET_PATHS = "\"ExpenseTrackerApp/Preview Content\"";
				ENABLE_PREVIEWS = YES;
				GENERATE_INFOPLIST_FILE = YES;
				INFOPLIST_KEY_UIApplicationSceneManifest_Generation = YES;
				INFOPLIST_KEY_UIApplicationSupportsIndirectInputEvents = YES;
				INFOPLIST_KEY_UILaunchScreen_Generation = YES;
				INFOPLIST_KEY_UISupportedInterfaceOrientations_iPad = "UIInterfaceOrientationPortrait UIInterfaceOrientationPortraitUpsideDown UIInterfaceOrientationLandscapeLeft UIInterfaceOrientationLandscapeRight";
				INFOPLIST_KEY_UISupportedInterfaceOrientations_iPhone = "UIInterfaceOrientationPortrait UIInterfaceOrientationLandscapeLeft UIInterfaceOrientationLandscapeRight";
				LD_RUNPATH_SEARCH_PATHS = (
					"$(inherited)",
					"@executable_path/Frameworks",
				);
				MARKETING_VERSION = 1.0;
				PRODUCT_BUNDLE_IDENTIFIER = hoang.ExpenseTrackerApp;
				PRODUCT_NAME = "$(TARGET_NAME)";
				SWIFT_EMIT_LOC_STRINGS = YES;
				SWIFT_VERSION = 5.0;
				TARGETED_DEVICE_FAMILY = "1,2";
			};
			name = Release;
		};
		B760542C2C35116C00915654 /* Debug */ = {
			isa = XCBuildConfiguration;
			buildSettings = {
				ALWAYS_EMBED_SWIFT_STANDARD_LIBRARIES = YES;
				BUNDLE_LOADER = "$(TEST_HOST)";
				CODE_SIGN_STYLE = Automatic;
				CURRENT_PROJECT_VERSION = 1;
				GENERATE_INFOPLIST_FILE = YES;
				IPHONEOS_DEPLOYMENT_TARGET = 17.4;
				MARKETING_VERSION = 1.0;
				PRODUCT_BUNDLE_IDENTIFIER = hoang.ExpenseTrackerAppTests;
				PRODUCT_NAME = "$(TARGET_NAME)";
				SWIFT_EMIT_LOC_STRINGS = NO;
				SWIFT_VERSION = 5.0;
				TARGETED_DEVICE_FAMILY = "1,2";
				TEST_HOST = "$(BUILT_PRODUCTS_DIR)/ExpenseTrackerApp.app/$(BUNDLE_EXECUTABLE_FOLDER_PATH)/ExpenseTrackerApp";
			};
			name = Debug;
		};
		B760542D2C35116C00915654 /* Release */ = {
			isa = XCBuildConfiguration;
			buildSettings = {
				ALWAYS_EMBED_SWIFT_STANDARD_LIBRARIES = YES;
				BUNDLE_LOADER = "$(TEST_HOST)";
				CODE_SIGN_STYLE = Automatic;
				CURRENT_PROJECT_VERSION = 1;
				GENERATE_INFOPLIST_FILE = YES;
				IPHONEOS_DEPLOYMENT_TARGET = 17.4;
				MARKETING_VERSION = 1.0;
				PRODUCT_BUNDLE_IDENTIFIER = hoang.ExpenseTrackerAppTests;
				PRODUCT_NAME = "$(TARGET_NAME)";
				SWIFT_EMIT_LOC_STRINGS = NO;
				SWIFT_VERSION = 5.0;
				TARGETED_DEVICE_FAMILY = "1,2";
				TEST_HOST = "$(BUILT_PRODUCTS_DIR)/ExpenseTrackerApp.app/$(BUNDLE_EXECUTABLE_FOLDER_PATH)/ExpenseTrackerApp";
			};
			name = Release;
		};
		B760542F2C35116C00915654 /* Debug */ = {
			isa = XCBuildConfiguration;
			buildSettings = {
				ALWAYS_EMBED_SWIFT_STANDARD_LIBRARIES = YES;
				CODE_SIGN_STYLE = Automatic;
				CURRENT_PROJECT_VERSION = 1;
				GENERATE_INFOPLIST_FILE = YES;
				MARKETING_VERSION = 1.0;
				PRODUCT_BUNDLE_IDENTIFIER = hoang.ExpenseTrackerAppUITests;
				PRODUCT_NAME = "$(TARGET_NAME)";
				SWIFT_EMIT_LOC_STRINGS = NO;
				SWIFT_VERSION = 5.0;
				TARGETED_DEVICE_FAMILY = "1,2";
				TEST_TARGET_NAME = ExpenseTrackerApp;
			};
			name = Debug;
		};
		B76054302C35116C00915654 /* Release */ = {
			isa = XCBuildConfiguration;
			buildSettings = {
				ALWAYS_EMBED_SWIFT_STANDARD_LIBRARIES = YES;
				CODE_SIGN_STYLE = Automatic;
				CURRENT_PROJECT_VERSION = 1;
				GENERATE_INFOPLIST_FILE = YES;
				MARKETING_VERSION = 1.0;
				PRODUCT_BUNDLE_IDENTIFIER = hoang.ExpenseTrackerAppUITests;
				PRODUCT_NAME = "$(TARGET_NAME)";
				SWIFT_EMIT_LOC_STRINGS = NO;
				SWIFT_VERSION = 5.0;
				TARGETED_DEVICE_FAMILY = "1,2";
				TEST_TARGET_NAME = ExpenseTrackerApp;
			};
			name = Release;
		};
/* End XCBuildConfiguration section */

/* Begin XCConfigurationList section */
		B76053FF2C35116A00915654 /* Build configuration list for PBXProject "ExpenseTrackerApp" */ = {
			isa = XCConfigurationList;
			buildConfigurations = (
				B76054262C35116C00915654 /* Debug */,
				B76054272C35116C00915654 /* Release */,
			);
			defaultConfigurationIsVisible = 0;
			defaultConfigurationName = Release;
		};
		B76054282C35116C00915654 /* Build configuration list for PBXNativeTarget "ExpenseTrackerApp" */ = {
			isa = XCConfigurationList;
			buildConfigurations = (
				B76054292C35116C00915654 /* Debug */,
				B760542A2C35116C00915654 /* Release */,
			);
			defaultConfigurationIsVisible = 0;
			defaultConfigurationName = Release;
		};
		B760542B2C35116C00915654 /* Build configuration list for PBXNativeTarget "ExpenseTrackerAppTests" */ = {
			isa = XCConfigurationList;
			buildConfigurations = (
				B760542C2C35116C00915654 /* Debug */,
				B760542D2C35116C00915654 /* Release */,
			);
			defaultConfigurationIsVisible = 0;
			defaultConfigurationName = Release;
		};
		B760542E2C35116C00915654 /* Build configuration list for PBXNativeTarget "ExpenseTrackerAppUITests" */ = {
			isa = XCConfigurationList;
			buildConfigurations = (
				B760542F2C35116C00915654 /* Debug */,
				B76054302C35116C00915654 /* Release */,
			);
			defaultConfigurationIsVisible = 0;
			defaultConfigurationName = Release;
		};
/* End XCConfigurationList section */
	};
	rootObject = B76053FC2C35116A00915654 /* Project object */;
}
